
Microsoft Visual Studio Solution File, Format Version 12.00
# Visual Studio 15
VisualStudioVersion = 15.0.27130.2010
MinimumVisualStudioVersion = 10.0.40219.1
Project("{2150E333-8FDC-42A3-9474-1A3956D46DE8}") = "01 Clients", "01 Clients", "{0659B5B7-0C19-4932-A051-09676C51F94E}"
EndProject
Project("{2150E333-8FDC-42A3-9474-1A3956D46DE8}") = "02 WebLogic", "02 WebLogic", "{30D09A23-CE33-4B84-843D-BE49E391327D}"
EndProject
Project("{2150E333-8FDC-42A3-9474-1A3956D46DE8}") = "03 Business", "03 Business", "{65CBF299-242B-4F84-B46E-699F859FCD75}"
EndProject
Project("{2150E333-8FDC-42A3-9474-1A3956D46DE8}") = "04 Core", "04 Core", "{98F3C3FE-1034-415E-8AEA-C54C570F21BD}"
EndProject
Project("{2150E333-8FDC-42A3-9474-1A3956D46DE8}") = "05 Framework", "05 Framework", "{54E05158-AB1F-43A6-B728-008109A5019D}"
EndProject
Project("{9A19103F-16F7-4668-BE54-9A1E7A4F7556}") = "PuppetCat.AspNetCore.Mvc", "PuppetCat.AspNetCore.Mvc\PuppetCat.AspNetCore.Mvc.csproj", "{7AF0953F-5E82-4617-AC4D-BFFBA7F9C45C}"
EndProject
Project("{9A19103F-16F7-4668-BE54-9A1E7A4F7556}") = "PuppetCat.AspNetCore.Core", "PuppetCat.AspNetCore.Core\PuppetCat.AspNetCore.Core.csproj", "{4ECE36B1-6E6C-4CFC-9F83-A1AF39E31A8C}"
EndProject
Project("{9A19103F-16F7-4668-BE54-9A1E7A4F7556}") = "PuppetCat.Sample.Core", "PuppetCat.Sample.Core\PuppetCat.Sample.Core.csproj", "{ED7E4BB4-8FA4-4CC6-B0F4-73E7EAD87762}"
EndProject
Project("{9A19103F-16F7-4668-BE54-9A1E7A4F7556}") = "PuppetCat.Sample.Data", "PuppetCat.Sample.Data\PuppetCat.Sample.Data.csproj", "{02B9C90E-E719-44F0-A9F9-AFE7E769B811}"
EndProject
Project("{9A19103F-16F7-4668-BE54-9A1E7A4F7556}") = "PuppetCat.Sample.Repository", "PuppetCat.Sample.Repository\PuppetCat.Sample.Repository.csproj", "{531793ED-BAC2-4884-9C19-11EE844C90E5}"
EndProject
Project("{9A19103F-16F7-4668-BE54-9A1E7A4F7556}") = "PuppetCat.Sample.WebLogic", "PuppetCat.Sample.WebLogic\PuppetCat.Sample.WebLogic.csproj", "{7B193DFA-A737-4AAA-8B78-FFC53416BE66}"
EndProject
Project("{9A19103F-16F7-4668-BE54-9A1E7A4F7556}") = "PuppetCat.Sample.API", "PuppetCat.Sample.API\PuppetCat.Sample.API.csproj", "{9246ACEA-92FD-4CEA-BFB6-668A1419936B}"
EndProject
Global
	GlobalSection(SolutionConfigurationPlatforms) = preSolution
		Debug|Any CPU = Debug|Any CPU
		Release|Any CPU = Release|Any CPU
	EndGlobalSection
	GlobalSection(ProjectConfigurationPlatforms) = postSolution
		{7AF0953F-5E82-4617-AC4D-BFFBA7F9C45C}.Debug|Any CPU.ActiveCfg = Debug|Any CPU
		{7AF0953F-5E82-4617-AC4D-BFFBA7F9C45C}.Debug|Any CPU.Build.0 = Debug|Any CPU
		{7AF0953F-5E82-4617-AC4D-BFFBA7F9C45C}.Release|Any CPU.ActiveCfg = Release|Any CPU
		{7AF0953F-5E82-4617-AC4D-BFFBA7F9C45C}.Release|Any CPU.Build.0 = Release|Any CPU
		{4ECE36B1-6E6C-4CFC-9F83-A1AF39E31A8C}.Debug|Any CPU.ActiveCfg = Debug|Any CPU
		{4ECE36B1-6E6C-4CFC-9F83-A1AF39E31A8C}.Debug|Any CPU.Build.0 = Debug|Any CPU
		{4ECE36B1-6E6C-4CFC-9F83-A1AF39E31A8C}.Release|Any CPU.ActiveCfg = Release|Any CPU
		{4ECE36B1-6E6C-4CFC-9F83-A1AF39E31A8C}.Release|Any CPU.Build.0 = Release|Any CPU
		{ED7E4BB4-8FA4-4CC6-B0F4-73E7EAD87762}.Debug|Any CPU.ActiveCfg = Debug|Any CPU
		{ED7E4BB4-8FA4-4CC6-B0F4-73E7EAD87762}.Debug|Any CPU.Build.0 = Debug|Any CPU
		{ED7E4BB4-8FA4-4CC6-B0F4-73E7EAD87762}.Release|Any CPU.ActiveCfg = Release|Any CPU
		{ED7E4BB4-8FA4-4CC6-B0F4-73E7EAD87762}.Release|Any CPU.Build.0 = Release|Any CPU
		{02B9C90E-E719-44F0-A9F9-AFE7E769B811}.Debug|Any CPU.ActiveCfg = Debug|Any CPU
		{02B9C90E-E719-44F0-A9F9-AFE7E769B811}.Debug|Any CPU.Build.0 = Debug|Any CPU
		{02B9C90E-E719-44F0-A9F9-AFE7E769B811}.Release|Any CPU.ActiveCfg = Release|Any CPU
		{02B9C90E-E719-44F0-A9F9-AFE7E769B811}.Release|Any CPU.Build.0 = Release|Any CPU
		{531793ED-BAC2-4884-9C19-11EE844C90E5}.Debug|Any CPU.ActiveCfg = Debug|Any CPU
		{531793ED-BAC2-4884-9C19-11EE844C90E5}.Debug|Any CPU.Build.0 = Debug|Any CPU
		{531793ED-BAC2-4884-9C19-11EE844C90E5}.Release|Any CPU.ActiveCfg = Release|Any CPU
		{531793ED-BAC2-4884-9C19-11EE844C90E5}.Release|Any CPU.Build.0 = Release|Any CPU
		{7B193DFA-A737-4AAA-8B78-FFC53416BE66}.Debug|Any CPU.ActiveCfg = Debug|Any CPU
		{7B193DFA-A737-4AAA-8B78-FFC53416BE66}.Debug|Any CPU.Build.0 = Debug|Any CPU
		{7B193DFA-A737-4AAA-8B78-FFC53416BE66}.Release|Any CPU.ActiveCfg = Release|Any CPU
		{7B193DFA-A737-4AAA-8B78-FFC53416BE66}.Release|Any CPU.Build.0 = Release|Any CPU
		{9246ACEA-92FD-4CEA-BFB6-668A1419936B}.Debug|Any CPU.ActiveCfg = Debug|Any CPU
		{9246ACEA-92FD-4CEA-BFB6-668A1419936B}.Debug|Any CPU.Build.0 = Debug|Any CPU
		{9246ACEA-92FD-4CEA-BFB6-668A1419936B}.Release|Any CPU.ActiveCfg = Release|Any CPU
		{9246ACEA-92FD-4CEA-BFB6-668A1419936B}.Release|Any CPU.Build.0 = Release|Any CPU
	EndGlobalSection
	GlobalSection(SolutionProperties) = preSolution
		HideSolutionNode = FALSE
	EndGlobalSection
	GlobalSection(NestedProjects) = preSolution
		{7AF0953F-5E82-4617-AC4D-BFFBA7F9C45C} = {54E05158-AB1F-43A6-B728-008109A5019D}
		{4ECE36B1-6E6C-4CFC-9F83-A1AF39E31A8C} = {54E05158-AB1F-43A6-B728-008109A5019D}
		{ED7E4BB4-8FA4-4CC6-B0F4-73E7EAD87762} = {98F3C3FE-1034-415E-8AEA-C54C570F21BD}
		{02B9C90E-E719-44F0-A9F9-AFE7E769B811} = {65CBF299-242B-4F84-B46E-699F859FCD75}
		{531793ED-BAC2-4884-9C19-11EE844C90E5} = {65CBF299-242B-4F84-B46E-699F859FCD75}
		{7B193DFA-A737-4AAA-8B78-FFC53416BE66} = {30D09A23-CE33-4B84-843D-BE49E391327D}
		{9246ACEA-92FD-4CEA-BFB6-668A1419936B} = {0659B5B7-0C19-4932-A051-09676C51F94E}
	EndGlobalSection
	GlobalSection(ExtensibilityGlobals) = postSolution
		SolutionGuid = {42A95D46-C3BB-497A-98F4-2111A71E147D}
	EndGlobalSection
EndGlobal
