
Microsoft Visual Studio Solution File, Format Version 12.00
# Visual Studio 15
VisualStudioVersion = 15.0.27130.2010
MinimumVisualStudioVersion = 10.0.40219.1
Project("{2150E333-8FDC-42A3-9474-1A3956D46DE8}") = "01 Client", "01 Client", "{E9FACCFB-4336-4CC0-B8AD-CC047374A62A}"
EndProject
Project("{FAE04EC0-301F-11D3-BF4B-00C04F79EFBC}") = "PuppetCat.API", "PuppetCat.API\PuppetCat.API.csproj", "{A752858F-4317-4379-BD40-AD1F2ED1D35A}"
EndProject
Global
	GlobalSection(SolutionConfigurationPlatforms) = preSolution
		Debug|Any CPU = Debug|Any CPU
		Release|Any CPU = Release|Any CPU
	EndGlobalSection
	GlobalSection(ProjectConfigurationPlatforms) = postSolution
		{A752858F-4317-4379-BD40-AD1F2ED1D35A}.Debug|Any CPU.ActiveCfg = Debug|Any CPU
		{A752858F-4317-4379-BD40-AD1F2ED1D35A}.Debug|Any CPU.Build.0 = Debug|Any CPU
		{A752858F-4317-4379-BD40-AD1F2ED1D35A}.Release|Any CPU.ActiveCfg = Release|Any CPU
		{A752858F-4317-4379-BD40-AD1F2ED1D35A}.Release|Any CPU.Build.0 = Release|Any CPU
	EndGlobalSection
	GlobalSection(SolutionProperties) = preSolution
		HideSolutionNode = FALSE
	EndGlobalSection
	GlobalSection(NestedProjects) = preSolution
		{A752858F-4317-4379-BD40-AD1F2ED1D35A} = {E9FACCFB-4336-4CC0-B8AD-CC047374A62A}
	EndGlobalSection
	GlobalSection(ExtensibilityGlobals) = postSolution
		SolutionGuid = {42A95D46-C3BB-497A-98F4-2111A71E147D}
	EndGlobalSection
EndGlobal
